
Microsoft Visual Studio Solution File, Format Version 12.00
# Visual Studio Version 16
VisualStudioVersion = 16.0.31205.134
MinimumVisualStudioVersion = 10.0.40219.1
Project("{FAE04EC0-301F-11D3-BF4B-00C04F79EFBC}") = "WFA_SanatEseri_EntityFrame", "WFA_SanatEseri_EntityFrame\WFA_SanatEseri_EntityFrame.csproj", "{76527145-A0DE-40C6-8218-DBDA04EA493F}"
EndProject
Global
	GlobalSection(SolutionConfigurationPlatforms) = preSolution
		Debug|Any CPU = Debug|Any CPU
		Release|Any CPU = Release|Any CPU
	EndGlobalSection
	GlobalSection(ProjectConfigurationPlatforms) = postSolution
		{76527145-A0DE-40C6-8218-DBDA04EA493F}.Debug|Any CPU.ActiveCfg = Debug|Any CPU
		{76527145-A0DE-40C6-8218-DBDA04EA493F}.Debug|Any CPU.Build.0 = Debug|Any CPU
		{76527145-A0DE-40C6-8218-DBDA04EA493F}.Release|Any CPU.ActiveCfg = Release|Any CPU
		{76527145-A0DE-40C6-8218-DBDA04EA493F}.Release|Any CPU.Build.0 = Release|Any CPU
	EndGlobalSection
	GlobalSection(SolutionProperties) = preSolution
		HideSolutionNode = FALSE
	EndGlobalSection
	GlobalSection(ExtensibilityGlobals) = postSolution
		SolutionGuid = {2366F578-EB5E-49AA-9E56-103147CA1716}
	EndGlobalSection
EndGlobal
